
Microsoft Visual Studio Solution File, Format Version 12.00
# Visual Studio Version 17
VisualStudioVersion = 17.9.34622.214
MinimumVisualStudioVersion = 10.0.40219.1
Project("{FAE04EC0-301F-11D3-BF4B-00C04F79EFBC}") = "SecondVersionOfTesting", "SecondVersionOfTesting.csproj", "{238130C9-AA6A-4A81-B35B-60CC3AB4DEB3}"
EndProject
Project("{FAE04EC0-301F-11D3-BF4B-00C04F79EFBC}") = "SecondVersionOfTesting.Tests", "..\SecondVersionOfTesting.Tests\SecondVersionOfTesting.Tests.csproj", "{B387360A-E13A-456B-B304-43641AD600F3}"
EndProject
Global
	GlobalSection(SolutionConfigurationPlatforms) = preSolution
		Debug|Any CPU = Debug|Any CPU
		Release|Any CPU = Release|Any CPU
	EndGlobalSection
	GlobalSection(ProjectConfigurationPlatforms) = postSolution
		{238130C9-AA6A-4A81-B35B-60CC3AB4DEB3}.Debug|Any CPU.ActiveCfg = Debug|Any CPU
		{238130C9-AA6A-4A81-B35B-60CC3AB4DEB3}.Debug|Any CPU.Build.0 = Debug|Any CPU
		{238130C9-AA6A-4A81-B35B-60CC3AB4DEB3}.Release|Any CPU.ActiveCfg = Release|Any CPU
		{238130C9-AA6A-4A81-B35B-60CC3AB4DEB3}.Release|Any CPU.Build.0 = Release|Any CPU
		{B387360A-E13A-456B-B304-43641AD600F3}.Debug|Any CPU.ActiveCfg = Debug|Any CPU
		{B387360A-E13A-456B-B304-43641AD600F3}.Debug|Any CPU.Build.0 = Debug|Any CPU
		{B387360A-E13A-456B-B304-43641AD600F3}.Release|Any CPU.ActiveCfg = Release|Any CPU
		{B387360A-E13A-456B-B304-43641AD600F3}.Release|Any CPU.Build.0 = Release|Any CPU
	EndGlobalSection
	GlobalSection(SolutionProperties) = preSolution
		HideSolutionNode = FALSE
	EndGlobalSection
	GlobalSection(ExtensibilityGlobals) = postSolution
		SolutionGuid = {067603DC-EAE1-4CC2-9D06-E65D514159F9}
	EndGlobalSection
EndGlobal
